
Microsoft Visual Studio Solution File, Format Version 12.00
# Visual Studio Version 17
VisualStudioVersion = 17.11.35312.102
MinimumVisualStudioVersion = 10.0.40219.1
Project("{FAE04EC0-301F-11D3-BF4B-00C04F79EFBC}") = "Assessment3_Q2", "Assessment3_Q2.csproj", "{56BAC14D-208F-4A1A-952C-F7AB28F2361F}"
EndProject
Global
	GlobalSection(SolutionConfigurationPlatforms) = preSolution
		Debug|Any CPU = Debug|Any CPU
		Release|Any CPU = Release|Any CPU
	EndGlobalSection
	GlobalSection(ProjectConfigurationPlatforms) = postSolution
		{56BAC14D-208F-4A1A-952C-F7AB28F2361F}.Debug|Any CPU.ActiveCfg = Debug|Any CPU
		{56BAC14D-208F-4A1A-952C-F7AB28F2361F}.Debug|Any CPU.Build.0 = Debug|Any CPU
		{56BAC14D-208F-4A1A-952C-F7AB28F2361F}.Release|Any CPU.ActiveCfg = Release|Any CPU
		{56BAC14D-208F-4A1A-952C-F7AB28F2361F}.Release|Any CPU.Build.0 = Release|Any CPU
	EndGlobalSection
	GlobalSection(SolutionProperties) = preSolution
		HideSolutionNode = FALSE
	EndGlobalSection
	GlobalSection(ExtensibilityGlobals) = postSolution
		SolutionGuid = {48F1A08A-34C2-4CEA-9E64-104F3BA9F844}
	EndGlobalSection
EndGlobal
